
Microsoft Visual Studio Solution File, Format Version 12.00
# Visual Studio Version 16
VisualStudioVersion = 16.0.29613.14
MinimumVisualStudioVersion = 10.0.40219.1
Project("{FAE04EC0-301F-11D3-BF4B-00C04F79EFBC}") = "pearson-excel-plugin", "pearson-excel-plugin\pearson-excel-plugin.csproj", "{DBE7FC6D-6EC4-479C-991D-600E3EBC059C}"
EndProject
Global
	GlobalSection(SolutionConfigurationPlatforms) = preSolution
		Debug|Any CPU = Debug|Any CPU
		Release|Any CPU = Release|Any CPU
	EndGlobalSection
	GlobalSection(ProjectConfigurationPlatforms) = postSolution
		{DBE7FC6D-6EC4-479C-991D-600E3EBC059C}.Debug|Any CPU.ActiveCfg = Debug|Any CPU
		{DBE7FC6D-6EC4-479C-991D-600E3EBC059C}.Debug|Any CPU.Build.0 = Debug|Any CPU
		{DBE7FC6D-6EC4-479C-991D-600E3EBC059C}.Release|Any CPU.ActiveCfg = Release|Any CPU
		{DBE7FC6D-6EC4-479C-991D-600E3EBC059C}.Release|Any CPU.Build.0 = Release|Any CPU
	EndGlobalSection
	GlobalSection(SolutionProperties) = preSolution
		HideSolutionNode = FALSE
	EndGlobalSection
	GlobalSection(ExtensibilityGlobals) = postSolution
		SolutionGuid = {D2E8DD78-4F54-464A-AFE2-0A0DA00C2B8F}
	EndGlobalSection
EndGlobal
